{
  "name": "express-superstruct",
  "version": "1.1.0",
  "lockfileVersion": 1,
  "requires": true,
  "dependencies": {
    "kind-of": {
      "version": "6.0.3",
      "resolved": "https://registry.npmjs.org/kind-of/-/kind-of-6.0.3.tgz",
      "integrity": "sha512-dcS1ul+9tmeD95T+x28/ehLgd9mENa3LsvDTtzm3vyBEO7RPptvAD+t44WVXaUjTBRcrpFeFlC8WCruUR456hw=="
    },
    "superstruct": {
      "version": "0.8.3",
      "resolved": "https://registry.npmjs.org/superstruct/-/superstruct-0.8.3.tgz",
      "integrity": "sha512-LbtbFpktW1FcwxVIJlxdk7bCyBq/GzOx2FSFLRLTUhWIA1gHkYPIl3aXRG5mBdGZtnPNT6t+4eEcLDCMOuBHww==",
      "requires": {
        "kind-of": "^6.0.2",
        "tiny-invariant": "^1.0.6"
      }
    },
    "tiny-invariant": {
      "version": "1.1.0",
      "resolved": "https://registry.npmjs.org/tiny-invariant/-/tiny-invariant-1.1.0.tgz",
      "integrity": "sha512-ytxQvrb1cPc9WBEI/HSeYYoGD0kWnGEOR8RY6KomWLBVhqz0RgTwVO9dLrGz7dC+nN9llyI7OKAgRq8Vq4ZBSw=="
    }
  }
}
